// !$*UTF8*$!
{
	archiveVersion = 1;
	classes = {
	};
	objectVersion = 50;
	objects = {

/* Begin PBXBuildFile section */
		5238EACC240BAC920079E99D /* AppDelegate.swift in Sources */ = {isa = PBXBuildFile; fileRef = 5238EACB240BAC920079E99D /* AppDelegate.swift */; };
		5238EACE240BAC920079E99D /* SceneDelegate.swift in Sources */ = {isa = PBXBuildFile; fileRef = 5238EACD240BAC920079E99D /* SceneDelegate.swift */; };
		5238EAD0240BAC920079E99D /* Home.swift in Sources */ = {isa = PBXBuildFile; fileRef = 5238EACF240BAC920079E99D /* Home.swift */; };
		5238EAD2240BAC930079E99D /* Assets.xcassets in Resources */ = {isa = PBXBuildFile; fileRef = 5238EAD1240BAC930079E99D /* Assets.xcassets */; };
		5238EAD5240BAC930079E99D /* Preview Assets.xcassets in Resources */ = {isa = PBXBuildFile; fileRef = 5238EAD4240BAC930079E99D /* Preview Assets.xcassets */; };
		5238EAD8240BAC930079E99D /* LaunchScreen.storyboard in Resources */ = {isa = PBXBuildFile; fileRef = 5238EAD6240BAC930079E99D /* LaunchScreen.storyboard */; };
		5238EAE7240BAEBF0079E99D /* ProductData.json in Resources */ = {isa = PBXBuildFile; fileRef = 5238EAE6240BAEBC0079E99D /* ProductData.json */; };
		805485CC257DA2B9004FDA23 /* OrderCompletedMessage.swift in Sources */ = {isa = PBXBuildFile; fileRef = 805485CB257DA2B9004FDA23 /* OrderCompletedMessage.swift */; };
		805485D3257DB518004FDA23 /* FavoriteProductScrollView.swift in Sources */ = {isa = PBXBuildFile; fileRef = 805485D2257DB518004FDA23 /* FavoriteProductScrollView.swift */; };
		805485D6257DCBAF004FDA23 /* MainTabView.swift in Sources */ = {isa = PBXBuildFile; fileRef = 805485D5257DCBAF004FDA23 /* MainTabView.swift */; };
		805485E2257F238D004FDA23 /* Recipe.swift in Sources */ = {isa = PBXBuildFile; fileRef = 805485E1257F238D004FDA23 /* Recipe.swift */; };
		805485E6257F23F5004FDA23 /* RecipeView.swift in Sources */ = {isa = PBXBuildFile; fileRef = 805485E5257F23F5004FDA23 /* RecipeView.swift */; };
		805485ED257F39A0004FDA23 /* Stripes.swift in Sources */ = {isa = PBXBuildFile; fileRef = 805485EC257F39A0004FDA23 /* Stripes.swift */; };
		805485F0257F3AD7004FDA23 /* ShapeClipModifier.swift in Sources */ = {isa = PBXBuildFile; fileRef = 805485EF257F3AD7004FDA23 /* ShapeClipModifier.swift */; };
		805485F3257F3B77004FDA23 /* AnyTransitionExtension.swift in Sources */ = {isa = PBXBuildFile; fileRef = 805485F2257F3B77004FDA23 /* AnyTransitionExtension.swift */; };
		8081CDB3256E48D7001EB31B /* ProductRow.swift in Sources */ = {isa = PBXBuildFile; fileRef = 8081CDB2256E48D7001EB31B /* ProductRow.swift */; };
		8081CDB7256E8145001EB31B /* ColorExtension.swift in Sources */ = {isa = PBXBuildFile; fileRef = 8081CDB6256E8145001EB31B /* ColorExtension.swift */; };
		8081CDBC256E86D4001EB31B /* Product.swift in Sources */ = {isa = PBXBuildFile; fileRef = 8081CDBB256E86D4001EB31B /* Product.swift */; };
		80D15FC62578D4E700B3C477 /* Symbol.swift in Sources */ = {isa = PBXBuildFile; fileRef = 80D15FC52578D4E700B3C477 /* Symbol.swift */; };
		80D15FC92578D73000B3C477 /* ResizedImage.swift in Sources */ = {isa = PBXBuildFile; fileRef = 80D15FC82578D73000B3C477 /* ResizedImage.swift */; };
		80D15FCD2578D96900B3C477 /* ShrinkButtonStyle.swift in Sources */ = {isa = PBXBuildFile; fileRef = 80D15FCC2578D96900B3C477 /* ShrinkButtonStyle.swift */; };
		80D15FD22578DB1000B3C477 /* Popup.swift in Sources */ = {isa = PBXBuildFile; fileRef = 80D15FD12578DB1000B3C477 /* Popup.swift */; };
		80D7BB1325703F8200A81AA5 /* BundleExtension.swift in Sources */ = {isa = PBXBuildFile; fileRef = 80D7BB1225703F8200A81AA5 /* BundleExtension.swift */; };
		80D7BB162570411100A81AA5 /* Store.swift in Sources */ = {isa = PBXBuildFile; fileRef = 80D7BB152570411100A81AA5 /* Store.swift */; };
		80D7BB19257044BF00A81AA5 /* ProductDetailView.swift in Sources */ = {isa = PBXBuildFile; fileRef = 80D7BB18257044BF00A81AA5 /* ProductDetailView.swift */; };
		80D7BB1E257052ED00A81AA5 /* Preview.swift in Sources */ = {isa = PBXBuildFile; fileRef = 80D7BB1D257052ED00A81AA5 /* Preview.swift */; };
		80D7BB2C2574C1F600A81AA5 /* QuantitySelector.swift in Sources */ = {isa = PBXBuildFile; fileRef = 80D7BB2B2574C1F600A81AA5 /* QuantitySelector.swift */; };
		80D7BB2F2574CEC200A81AA5 /* FavoriteButton.swift in Sources */ = {isa = PBXBuildFile; fileRef = 80D7BB2E2574CEC200A81AA5 /* FavoriteButton.swift */; };
		80FF30662578B7F800C5F162 /* Order.swift in Sources */ = {isa = PBXBuildFile; fileRef = 80FF30652578B7F800C5F162 /* Order.swift */; };
/* End PBXBuildFile section */

/* Begin PBXFileReference section */
		5238EAC8240BAC920079E99D /* FruitMart.app */ = {isa = PBXFileReference; explicitFileType = wrapper.application; includeInIndex = 0; path = FruitMart.app; sourceTree = BUILT_PRODUCTS_DIR; };
		5238EACB240BAC920079E99D /* AppDelegate.swift */ = {isa = PBXFileReference; lastKnownFileType = sourcecode.swift; path = AppDelegate.swift; sourceTree = "<group>"; };
		5238EACD240BAC920079E99D /* SceneDelegate.swift */ = {isa = PBXFileReference; lastKnownFileType = sourcecode.swift; path = SceneDelegate.swift; sourceTree = "<group>"; };
		5238EACF240BAC920079E99D /* Home.swift */ = {isa = PBXFileReference; lastKnownFileType = sourcecode.swift; path = Home.swift; sourceTree = "<group>"; };
		5238EAD1240BAC930079E99D /* Assets.xcassets */ = {isa = PBXFileReference; lastKnownFileType = folder.assetcatalog; path = Assets.xcassets; sourceTree = "<group>"; };
		5238EAD4240BAC930079E99D /* Preview Assets.xcassets */ = {isa = PBXFileReference; lastKnownFileType = folder.assetcatalog; path = "Preview Assets.xcassets"; sourceTree = "<group>"; };
		5238EAD7240BAC930079E99D /* Base */ = {isa = PBXFileReference; lastKnownFileType = file.storyboard; name = Base; path = Base.lproj/LaunchScreen.storyboard; sourceTree = "<group>"; };
		5238EAD9240BAC930079E99D /* Info.plist */ = {isa = PBXFileReference; lastKnownFileType = text.plist.xml; path = Info.plist; sourceTree = "<group>"; };
		5238EAE6240BAEBC0079E99D /* ProductData.json */ = {isa = PBXFileReference; lastKnownFileType = text.json; path = ProductData.json; sourceTree = "<group>"; };
		805485CB257DA2B9004FDA23 /* OrderCompletedMessage.swift */ = {isa = PBXFileReference; lastKnownFileType = sourcecode.swift; path = OrderCompletedMessage.swift; sourceTree = "<group>"; };
		805485D2257DB518004FDA23 /* FavoriteProductScrollView.swift */ = {isa = PBXFileReference; lastKnownFileType = sourcecode.swift; path = FavoriteProductScrollView.swift; sourceTree = "<group>"; };
		805485D5257DCBAF004FDA23 /* MainTabView.swift */ = {isa = PBXFileReference; lastKnownFileType = sourcecode.swift; path = MainTabView.swift; sourceTree = "<group>"; };
		805485E1257F238D004FDA23 /* Recipe.swift */ = {isa = PBXFileReference; lastKnownFileType = sourcecode.swift; path = Recipe.swift; sourceTree = SOURCE_ROOT; };
		805485E5257F23F5004FDA23 /* RecipeView.swift */ = {isa = PBXFileReference; lastKnownFileType = sourcecode.swift; path = RecipeView.swift; sourceTree = "<group>"; };
		805485EC257F39A0004FDA23 /* Stripes.swift */ = {isa = PBXFileReference; lastKnownFileType = sourcecode.swift; path = Stripes.swift; sourceTree = "<group>"; };
		805485EF257F3AD7004FDA23 /* ShapeClipModifier.swift */ = {isa = PBXFileReference; lastKnownFileType = sourcecode.swift; path = ShapeClipModifier.swift; sourceTree = "<group>"; };
		805485F2257F3B77004FDA23 /* AnyTransitionExtension.swift */ = {isa = PBXFileReference; lastKnownFileType = sourcecode.swift; path = AnyTransitionExtension.swift; sourceTree = "<group>"; };
		8081CDB2256E48D7001EB31B /* ProductRow.swift */ = {isa = PBXFileReference; lastKnownFileType = sourcecode.swift; path = ProductRow.swift; sourceTree = "<group>"; };
		8081CDB6256E8145001EB31B /* ColorExtension.swift */ = {isa = PBXFileReference; lastKnownFileType = sourcecode.swift; path = ColorExtension.swift; sourceTree = "<group>"; };
		8081CDBB256E86D4001EB31B /* Product.swift */ = {isa = PBXFileReference; lastKnownFileType = sourcecode.swift; name = Product.swift; path = FruitMart/Source/Helper/Extension/Product.swift; sourceTree = SOURCE_ROOT; };
		80D15FC52578D4E700B3C477 /* Symbol.swift */ = {isa = PBXFileReference; lastKnownFileType = sourcecode.swift; path = Symbol.swift; sourceTree = "<group>"; };
		80D15FC82578D73000B3C477 /* ResizedImage.swift */ = {isa = PBXFileReference; lastKnownFileType = sourcecode.swift; path = ResizedImage.swift; sourceTree = "<group>"; };
		80D15FCC2578D96900B3C477 /* ShrinkButtonStyle.swift */ = {isa = PBXFileReference; lastKnownFileType = sourcecode.swift; path = ShrinkButtonStyle.swift; sourceTree = "<group>"; };
		80D15FD12578DB1000B3C477 /* Popup.swift */ = {isa = PBXFileReference; lastKnownFileType = sourcecode.swift; path = Popup.swift; sourceTree = "<group>"; };
		80D7BB1225703F8200A81AA5 /* BundleExtension.swift */ = {isa = PBXFileReference; lastKnownFileType = sourcecode.swift; path = BundleExtension.swift; sourceTree = "<group>"; };
		80D7BB152570411100A81AA5 /* Store.swift */ = {isa = PBXFileReference; lastKnownFileType = sourcecode.swift; name = Store.swift; path = FruitMart/Source/Helper/Extension/Store.swift; sourceTree = SOURCE_ROOT; };
		80D7BB18257044BF00A81AA5 /* ProductDetailView.swift */ = {isa = PBXFileReference; lastKnownFileType = sourcecode.swift; path = ProductDetailView.swift; sourceTree = "<group>"; };
		80D7BB1D257052ED00A81AA5 /* Preview.swift */ = {isa = PBXFileReference; lastKnownFileType = sourcecode.swift; path = Preview.swift; sourceTree = "<group>"; };
		80D7BB2B2574C1F600A81AA5 /* QuantitySelector.swift */ = {isa = PBXFileReference; lastKnownFileType = sourcecode.swift; path = QuantitySelector.swift; sourceTree = "<group>"; };
		80D7BB2E2574CEC200A81AA5 /* FavoriteButton.swift */ = {isa = PBXFileReference; lastKnownFileType = sourcecode.swift; path = FavoriteButton.swift; sourceTree = "<group>"; };
		80FF30652578B7F800C5F162 /* Order.swift */ = {isa = PBXFileReference; lastKnownFileType = sourcecode.swift; path = Order.swift; sourceTree = SOURCE_ROOT; };
/* End PBXFileReference section */

/* Begin PBXFrameworksBuildPhase section */
		5238EAC5240BAC920079E99D /* Frameworks */ = {
			isa = PBXFrameworksBuildPhase;
			buildActionMask = 2147483647;
			files = (
			);
			runOnlyForDeploymentPostprocessing = 0;
		};
/* End PBXFrameworksBuildPhase section */

/* Begin PBXGroup section */
		5238EABF240BAC910079E99D = {
			isa = PBXGroup;
			children = (
				5238EACA240BAC920079E99D /* FruitMart */,
				5238EAC9240BAC920079E99D /* Products */,
			);
			sourceTree = "<group>";
		};
		5238EAC9240BAC920079E99D /* Products */ = {
			isa = PBXGroup;
			children = (
				5238EAC8240BAC920079E99D /* FruitMart.app */,
			);
			name = Products;
			sourceTree = "<group>";
		};
		5238EACA240BAC920079E99D /* FruitMart */ = {
			isa = PBXGroup;
			children = (
				5238EADF240BAD210079E99D /* Source */,
				5238EAE3240BAD5F0079E99D /* Resources */,
				5238EAE2240BAD5D0079E99D /* Supporting Files */,
				5238EAD3240BAC930079E99D /* Preview Content */,
			);
			path = FruitMart;
			sourceTree = "<group>";
		};
		5238EAD3240BAC930079E99D /* Preview Content */ = {
			isa = PBXGroup;
			children = (
				5238EAD4240BAC930079E99D /* Preview Assets.xcassets */,
			);
			path = "Preview Content";
			sourceTree = "<group>";
		};
		5238EADF240BAD210079E99D /* Source */ = {
			isa = PBXGroup;
			children = (
				5238EAE0240BAD270079E99D /* Application */,
				5238EAE1240BAD5D0079E99D /* User Interface */,
				5238EAE4240BADA50079E99D /* Model */,
				5238EAEC240BF9FE0079E99D /* Helper */,
			);
			path = Source;
			sourceTree = "<group>";
		};
		5238EAE0240BAD270079E99D /* Application */ = {
			isa = PBXGroup;
			children = (
				5238EACB240BAC920079E99D /* AppDelegate.swift */,
				5238EACD240BAC920079E99D /* SceneDelegate.swift */,
			);
			path = Application;
			sourceTree = "<group>";
		};
		5238EAE1240BAD5D0079E99D /* User Interface */ = {
			isa = PBXGroup;
			children = (
				805485E4257F23E5004FDA23 /* Recipe */,
				5238EAE5240BAE840079E99D /* Home */,
			);
			path = "User Interface";
			sourceTree = "<group>";
		};
		5238EAE2240BAD5D0079E99D /* Supporting Files */ = {
			isa = PBXGroup;
			children = (
				5238EAD6240BAC930079E99D /* LaunchScreen.storyboard */,
				5238EAD9240BAC930079E99D /* Info.plist */,
			);
			path = "Supporting Files";
			sourceTree = "<group>";
		};
		5238EAE3240BAD5F0079E99D /* Resources */ = {
			isa = PBXGroup;
			children = (
				5238EAD1240BAC930079E99D /* Assets.xcassets */,
				5238EAE6240BAEBC0079E99D /* ProductData.json */,
			);
			path = Resources;
			sourceTree = "<group>";
		};
		5238EAE4240BADA50079E99D /* Model */ = {
			isa = PBXGroup;
			children = (
				8081CDBB256E86D4001EB31B /* Product.swift */,
				80D7BB152570411100A81AA5 /* Store.swift */,
				80FF30652578B7F800C5F162 /* Order.swift */,
				805485E1257F238D004FDA23 /* Recipe.swift */,
			);
			path = Model;
			sourceTree = "<group>";
		};
		5238EAE5240BAE840079E99D /* Home */ = {
			isa = PBXGroup;
			children = (
				5238EACF240BAC920079E99D /* Home.swift */,
				8081CDB2256E48D7001EB31B /* ProductRow.swift */,
				80D7BB18257044BF00A81AA5 /* ProductDetailView.swift */,
				805485D5257DCBAF004FDA23 /* MainTabView.swift */,
				805485D2257DB518004FDA23 /* FavoriteProductScrollView.swift */,
				80D7BB2B2574C1F600A81AA5 /* QuantitySelector.swift */,
				805485CB257DA2B9004FDA23 /* OrderCompletedMessage.swift */,
				80D7BB2E2574CEC200A81AA5 /* FavoriteButton.swift */,
			);
			path = Home;
			sourceTree = "<group>";
		};
		5238EAEC240BF9FE0079E99D /* Helper */ = {
			isa = PBXGroup;
			children = (
				80D15FD02578DAED00B3C477 /* ViewModifier */,
				80D15FCB2578D8F600B3C477 /* CustomStyle */,
				80D7BB1C257052DD00A81AA5 /* CustomView */,
				8081CDB5256E7F4A001EB31B /* Extension */,
			);
			path = Helper;
			sourceTree = "<group>";
		};
		805485E4257F23E5004FDA23 /* Recipe */ = {
			isa = PBXGroup;
			children = (
				805485E5257F23F5004FDA23 /* RecipeView.swift */,
			);
			path = Recipe;
			sourceTree = "<group>";
		};
		8081CDB5256E7F4A001EB31B /* Extension */ = {
			isa = PBXGroup;
			children = (
				8081CDB6256E8145001EB31B /* ColorExtension.swift */,
				80D7BB1225703F8200A81AA5 /* BundleExtension.swift */,
				805485F2257F3B77004FDA23 /* AnyTransitionExtension.swift */,
			);
			path = Extension;
			sourceTree = "<group>";
		};
		80D15FCB2578D8F600B3C477 /* CustomStyle */ = {
			isa = PBXGroup;
			children = (
				80D15FCC2578D96900B3C477 /* ShrinkButtonStyle.swift */,
			);
			path = CustomStyle;
			sourceTree = "<group>";
		};
		80D15FD02578DAED00B3C477 /* ViewModifier */ = {
			isa = PBXGroup;
			children = (
				80D15FD12578DB1000B3C477 /* Popup.swift */,
				805485EF257F3AD7004FDA23 /* ShapeClipModifier.swift */,
			);
			path = ViewModifier;
			sourceTree = "<group>";
		};
		80D7BB1C257052DD00A81AA5 /* CustomView */ = {
			isa = PBXGroup;
			children = (
				80D7BB1D257052ED00A81AA5 /* Preview.swift */,
				80D15FC52578D4E700B3C477 /* Symbol.swift */,
				80D15FC82578D73000B3C477 /* ResizedImage.swift */,
				805485EC257F39A0004FDA23 /* Stripes.swift */,
			);
			path = CustomView;
			sourceTree = "<group>";
		};
/* End PBXGroup section */

/* Begin PBXNativeTarget section */
		5238EAC7240BAC920079E99D /* FruitMart */ = {
			isa = PBXNativeTarget;
			buildConfigurationList = 5238EADC240BAC930079E99D /* Build configuration list for PBXNativeTarget "FruitMart" */;
			buildPhases = (
				5238EAC4240BAC920079E99D /* Sources */,
				5238EAC5240BAC920079E99D /* Frameworks */,
				5238EAC6240BAC920079E99D /* Resources */,
			);
			buildRules = (
			);
			dependencies = (
			);
			name = FruitMart;
			productName = FruitMart;
			productReference = 5238EAC8240BAC920079E99D /* FruitMart.app */;
			productType = "com.apple.product-type.application";
		};
/* End PBXNativeTarget section */

/* Begin PBXProject section */
		5238EAC0240BAC910079E99D /* Project object */ = {
			isa = PBXProject;
			attributes = {
				LastSwiftUpdateCheck = 1130;
				LastUpgradeCheck = 1130;
				ORGANIZATIONNAME = Giftbot;
				TargetAttributes = {
					5238EAC7240BAC920079E99D = {
						CreatedOnToolsVersion = 11.3.1;
					};
				};
			};
			buildConfigurationList = 5238EAC3240BAC910079E99D /* Build configuration list for PBXProject "FruitMart" */;
			compatibilityVersion = "Xcode 9.3";
			developmentRegion = en;
			hasScannedForEncodings = 0;
			knownRegions = (
				en,
				Base,
			);
			mainGroup = 5238EABF240BAC910079E99D;
			productRefGroup = 5238EAC9240BAC920079E99D /* Products */;
			projectDirPath = "";
			projectRoot = "";
			targets = (
				5238EAC7240BAC920079E99D /* FruitMart */,
			);
		};
/* End PBXProject section */

/* Begin PBXResourcesBuildPhase section */
		5238EAC6240BAC920079E99D /* Resources */ = {
			isa = PBXResourcesBuildPhase;
			buildActionMask = 2147483647;
			files = (
				5238EAD8240BAC930079E99D /* LaunchScreen.storyboard in Resources */,
				5238EAD5240BAC930079E99D /* Preview Assets.xcassets in Resources */,
				5238EAD2240BAC930079E99D /* Assets.xcassets in Resources */,
				5238EAE7240BAEBF0079E99D /* ProductData.json in Resources */,
			);
			runOnlyForDeploymentPostprocessing = 0;
		};
/* End PBXResourcesBuildPhase section */

/* Begin PBXSourcesBuildPhase section */
		5238EAC4240BAC920079E99D /* Sources */ = {
			isa = PBXSourcesBuildPhase;
			buildActionMask = 2147483647;
			files = (
				805485D3257DB518004FDA23 /* FavoriteProductScrollView.swift in Sources */,
				80D15FC92578D73000B3C477 /* ResizedImage.swift in Sources */,
				805485F0257F3AD7004FDA23 /* ShapeClipModifier.swift in Sources */,
				8081CDB3256E48D7001EB31B /* ProductRow.swift in Sources */,
				5238EACC240BAC920079E99D /* AppDelegate.swift in Sources */,
				805485E6257F23F5004FDA23 /* RecipeView.swift in Sources */,
				805485F3257F3B77004FDA23 /* AnyTransitionExtension.swift in Sources */,
				80D7BB1E257052ED00A81AA5 /* Preview.swift in Sources */,
				80D7BB2F2574CEC200A81AA5 /* FavoriteButton.swift in Sources */,
				80D7BB2C2574C1F600A81AA5 /* QuantitySelector.swift in Sources */,
				5238EACE240BAC920079E99D /* SceneDelegate.swift in Sources */,
				80D7BB162570411100A81AA5 /* Store.swift in Sources */,
				805485E2257F238D004FDA23 /* Recipe.swift in Sources */,
				80D15FD22578DB1000B3C477 /* Popup.swift in Sources */,
				80D7BB1325703F8200A81AA5 /* BundleExtension.swift in Sources */,
				805485ED257F39A0004FDA23 /* Stripes.swift in Sources */,
				5238EAD0240BAC920079E99D /* Home.swift in Sources */,
				8081CDB7256E8145001EB31B /* ColorExtension.swift in Sources */,
				805485CC257DA2B9004FDA23 /* OrderCompletedMessage.swift in Sources */,
				80FF30662578B7F800C5F162 /* Order.swift in Sources */,
				80D15FC62578D4E700B3C477 /* Symbol.swift in Sources */,
				8081CDBC256E86D4001EB31B /* Product.swift in Sources */,
				80D15FCD2578D96900B3C477 /* ShrinkButtonStyle.swift in Sources */,
				80D7BB19257044BF00A81AA5 /* ProductDetailView.swift in Sources */,
				805485D6257DCBAF004FDA23 /* MainTabView.swift in Sources */,
			);
			runOnlyForDeploymentPostprocessing = 0;
		};
/* End PBXSourcesBuildPhase section */

/* Begin PBXVariantGroup section */
		5238EAD6240BAC930079E99D /* LaunchScreen.storyboard */ = {
			isa = PBXVariantGroup;
			children = (
				5238EAD7240BAC930079E99D /* Base */,
			);
			name = LaunchScreen.storyboard;
			sourceTree = "<group>";
		};
/* End PBXVariantGroup section */

/* Begin XCBuildConfiguration section */
		5238EADA240BAC930079E99D /* Debug */ = {
			isa = XCBuildConfiguration;
			buildSettings = {
				ALWAYS_SEARCH_USER_PATHS = NO;
				CLANG_ANALYZER_NONNULL = YES;
				CLANG_ANALYZER_NUMBER_OBJECT_CONVERSION = YES_AGGRESSIVE;
				CLANG_CXX_LANGUAGE_STANDARD = "gnu++14";
				CLANG_CXX_LIBRARY = "libc++";
				CLANG_ENABLE_MODULES = YES;
				CLANG_ENABLE_OBJC_ARC = YES;
				CLANG_ENABLE_OBJC_WEAK = YES;
				CLANG_WARN_BLOCK_CAPTURE_AUTORELEASING = YES;
				CLANG_WARN_BOOL_CONVERSION = YES;
				CLANG_WARN_COMMA = YES;
				CLANG_WARN_CONSTANT_CONVERSION = YES;
				CLANG_WARN_DEPRECATED_OBJC_IMPLEMENTATIONS = YES;
				CLANG_WARN_DIRECT_OBJC_ISA_USAGE = YES_ERROR;
				CLANG_WARN_DOCUMENTATION_COMMENTS = YES;
				CLANG_WARN_EMPTY_BODY = YES;
				CLANG_WARN_ENUM_CONVERSION = YES;
				CLANG_WARN_INFINITE_RECURSION = YES;
				CLANG_WARN_INT_CONVERSION = YES;
				CLANG_WARN_NON_LITERAL_NULL_CONVERSION = YES;
				CLANG_WARN_OBJC_IMPLICIT_RETAIN_SELF = YES;
				CLANG_WARN_OBJC_LITERAL_CONVERSION = YES;
				CLANG_WARN_OBJC_ROOT_CLASS = YES_ERROR;
				CLANG_WARN_RANGE_LOOP_ANALYSIS = YES;
				CLANG_WARN_STRICT_PROTOTYPES = YES;
				CLANG_WARN_SUSPICIOUS_MOVE = YES;
				CLANG_WARN_UNGUARDED_AVAILABILITY = YES_AGGRESSIVE;
				CLANG_WARN_UNREACHABLE_CODE = YES;
				CLANG_WARN__DUPLICATE_METHOD_MATCH = YES;
				COPY_PHASE_STRIP = NO;
				DEBUG_INFORMATION_FORMAT = dwarf;
				ENABLE_STRICT_OBJC_MSGSEND = YES;
				ENABLE_TESTABILITY = YES;
				GCC_C_LANGUAGE_STANDARD = gnu11;
				GCC_DYNAMIC_NO_PIC = NO;
				GCC_NO_COMMON_BLOCKS = YES;
				GCC_OPTIMIZATION_LEVEL = 0;
				GCC_PREPROCESSOR_DEFINITIONS = (
					"DEBUG=1",
					"$(inherited)",
				);
				GCC_WARN_64_TO_32_BIT_CONVERSION = YES;
				GCC_WARN_ABOUT_RETURN_TYPE = YES_ERROR;
				GCC_WARN_UNDECLARED_SELECTOR = YES;
				GCC_WARN_UNINITIALIZED_AUTOS = YES_AGGRESSIVE;
				GCC_WARN_UNUSED_FUNCTION = YES;
				GCC_WARN_UNUSED_VARIABLE = YES;
				IPHONEOS_DEPLOYMENT_TARGET = 13.2;
				MTL_ENABLE_DEBUG_INFO = INCLUDE_SOURCE;
				MTL_FAST_MATH = YES;
				ONLY_ACTIVE_ARCH = YES;
				SDKROOT = iphoneos;
				SWIFT_ACTIVE_COMPILATION_CONDITIONS = DEBUG;
				SWIFT_OPTIMIZATION_LEVEL = "-Onone";
			};
			name = Debug;
		};
		5238EADB240BAC930079E99D /* Release */ = {
			isa = XCBuildConfiguration;
			buildSettings = {
				ALWAYS_SEARCH_USER_PATHS = NO;
				CLANG_ANALYZER_NONNULL = YES;
				CLANG_ANALYZER_NUMBER_OBJECT_CONVERSION = YES_AGGRESSIVE;
				CLANG_CXX_LANGUAGE_STANDARD = "gnu++14";
				CLANG_CXX_LIBRARY = "libc++";
				CLANG_ENABLE_MODULES = YES;
				CLANG_ENABLE_OBJC_ARC = YES;
				CLANG_ENABLE_OBJC_WEAK = YES;
				CLANG_WARN_BLOCK_CAPTURE_AUTORELEASING = YES;
				CLANG_WARN_BOOL_CONVERSION = YES;
				CLANG_WARN_COMMA = YES;
				CLANG_WARN_CONSTANT_CONVERSION = YES;
				CLANG_WARN_DEPRECATED_OBJC_IMPLEMENTATIONS = YES;
				CLANG_WARN_DIRECT_OBJC_ISA_USAGE = YES_ERROR;
				CLANG_WARN_DOCUMENTATION_COMMENTS = YES;
				CLANG_WARN_EMPTY_BODY = YES;
				CLANG_WARN_ENUM_CONVERSION = YES;
				CLANG_WARN_INFINITE_RECURSION = YES;
				CLANG_WARN_INT_CONVERSION = YES;
				CLANG_WARN_NON_LITERAL_NULL_CONVERSION = YES;
				CLANG_WARN_OBJC_IMPLICIT_RETAIN_SELF = YES;
				CLANG_WARN_OBJC_LITERAL_CONVERSION = YES;
				CLANG_WARN_OBJC_ROOT_CLASS = YES_ERROR;
				CLANG_WARN_RANGE_LOOP_ANALYSIS = YES;
				CLANG_WARN_STRICT_PROTOTYPES = YES;
				CLANG_WARN_SUSPICIOUS_MOVE = YES;
				CLANG_WARN_UNGUARDED_AVAILABILITY = YES_AGGRESSIVE;
				CLANG_WARN_UNREACHABLE_CODE = YES;
				CLANG_WARN__DUPLICATE_METHOD_MATCH = YES;
				COPY_PHASE_STRIP = NO;
				DEBUG_INFORMATION_FORMAT = "dwarf-with-dsym";
				ENABLE_NS_ASSERTIONS = NO;
				ENABLE_STRICT_OBJC_MSGSEND = YES;
				GCC_C_LANGUAGE_STANDARD = gnu11;
				GCC_NO_COMMON_BLOCKS = YES;
				GCC_WARN_64_TO_32_BIT_CONVERSION = YES;
				GCC_WARN_ABOUT_RETURN_TYPE = YES_ERROR;
				GCC_WARN_UNDECLARED_SELECTOR = YES;
				GCC_WARN_UNINITIALIZED_AUTOS = YES_AGGRESSIVE;
				GCC_WARN_UNUSED_FUNCTION = YES;
				GCC_WARN_UNUSED_VARIABLE = YES;
				IPHONEOS_DEPLOYMENT_TARGET = 13.2;
				MTL_ENABLE_DEBUG_INFO = NO;
				MTL_FAST_MATH = YES;
				SDKROOT = iphoneos;
				SWIFT_COMPILATION_MODE = wholemodule;
				SWIFT_OPTIMIZATION_LEVEL = "-O";
				VALIDATE_PRODUCT = YES;
			};
			name = Release;
		};
		5238EADD240BAC930079E99D /* Debug */ = {
			isa = XCBuildConfiguration;
			buildSettings = {
				ASSETCATALOG_COMPILER_APPICON_NAME = AppIcon;
				CODE_SIGN_STYLE = Automatic;
				DEVELOPMENT_ASSET_PATHS = "\"FruitMart/Preview Content\"";
				ENABLE_PREVIEWS = YES;
				INFOPLIST_FILE = "$(SRCROOT)/FruitMart/Supporting Files/Info.plist";
				LD_RUNPATH_SEARCH_PATHS = (
					"$(inherited)",
					"@executable_path/Frameworks",
				);
				PRODUCT_BUNDLE_IDENTIFIER = kr.giftbot.example.FruitMart;
				PRODUCT_NAME = FruitMart;
				SWIFT_VERSION = 5.0;
				TARGETED_DEVICE_FAMILY = 1;
			};
			name = Debug;
		};
		5238EADE240BAC930079E99D /* Release */ = {
			isa = XCBuildConfiguration;
			buildSettings = {
				ASSETCATALOG_COMPILER_APPICON_NAME = AppIcon;
				CODE_SIGN_STYLE = Automatic;
				DEVELOPMENT_ASSET_PATHS = "\"FruitMart/Preview Content\"";
				ENABLE_PREVIEWS = YES;
				INFOPLIST_FILE = "$(SRCROOT)/FruitMart/Supporting Files/Info.plist";
				LD_RUNPATH_SEARCH_PATHS = (
					"$(inherited)",
					"@executable_path/Frameworks",
				);
				PRODUCT_BUNDLE_IDENTIFIER = kr.giftbot.example.FruitMart;
				PRODUCT_NAME = FruitMart;
				SWIFT_VERSION = 5.0;
				TARGETED_DEVICE_FAMILY = 1;
			};
			name = Release;
		};
/* End XCBuildConfiguration section */

/* Begin XCConfigurationList section */
		5238EAC3240BAC910079E99D /* Build configuration list for PBXProject "FruitMart" */ = {
			isa = XCConfigurationList;
			buildConfigurations = (
				5238EADA240BAC930079E99D /* Debug */,
				5238EADB240BAC930079E99D /* Release */,
			);
			defaultConfigurationIsVisible = 0;
			defaultConfigurationName = Release;
		};
		5238EADC240BAC930079E99D /* Build configuration list for PBXNativeTarget "FruitMart" */ = {
			isa = XCConfigurationList;
			buildConfigurations = (
				5238EADD240BAC930079E99D /* Debug */,
				5238EADE240BAC930079E99D /* Release */,
			);
			defaultConfigurationIsVisible = 0;
			defaultConfigurationName = Release;
		};
/* End XCConfigurationList section */
	};
	rootObject = 5238EAC0240BAC910079E99D /* Project object */;
}
